
Microsoft Visual Studio Solution File, Format Version 12.00
# Visual Studio 15
VisualStudioVersion = 15.0.28307.329
MinimumVisualStudioVersion = 10.0.40219.1
Project("{FAE04EC0-301F-11D3-BF4B-00C04F79EFBC}") = "Task 3", "Task 3\Task 3.csproj", "{EE782DD7-C4BB-436D-887F-47AB3666807E}"
EndProject
Global
	GlobalSection(SolutionConfigurationPlatforms) = preSolution
		Debug|Any CPU = Debug|Any CPU
		Release|Any CPU = Release|Any CPU
	EndGlobalSection
	GlobalSection(ProjectConfigurationPlatforms) = postSolution
		{EE782DD7-C4BB-436D-887F-47AB3666807E}.Debug|Any CPU.ActiveCfg = Debug|Any CPU
		{EE782DD7-C4BB-436D-887F-47AB3666807E}.Debug|Any CPU.Build.0 = Debug|Any CPU
		{EE782DD7-C4BB-436D-887F-47AB3666807E}.Release|Any CPU.ActiveCfg = Release|Any CPU
		{EE782DD7-C4BB-436D-887F-47AB3666807E}.Release|Any CPU.Build.0 = Release|Any CPU
	EndGlobalSection
	GlobalSection(SolutionProperties) = preSolution
		HideSolutionNode = FALSE
	EndGlobalSection
	GlobalSection(ExtensibilityGlobals) = postSolution
		SolutionGuid = {C6036765-8762-4976-8C08-C0549F903F17}
	EndGlobalSection
EndGlobal
